
Microsoft Visual Studio Solution File, Format Version 12.00
# Visual Studio 15
VisualStudioVersion = 15.0.27130.2027
MinimumVisualStudioVersion = 10.0.40219.1
Project("{FAE04EC0-301F-11D3-BF4B-00C04F79EFBC}") = "CryptSolution", "CryptSolution\CryptSolution.csproj", "{D8814417-2C5B-45FF-913F-4B23DDC8ED08}"
EndProject
Project("{FAE04EC0-301F-11D3-BF4B-00C04F79EFBC}") = "RemoveKFromList", "RemoveKFromList\RemoveKFromList.csproj", "{918B5103-38A4-42D3-811B-E1E8BE7AE2B1}"
EndProject
Global
	GlobalSection(SolutionConfigurationPlatforms) = preSolution
		Debug|Any CPU = Debug|Any CPU
		Release|Any CPU = Release|Any CPU
	EndGlobalSection
	GlobalSection(ProjectConfigurationPlatforms) = postSolution
		{D8814417-2C5B-45FF-913F-4B23DDC8ED08}.Debug|Any CPU.ActiveCfg = Debug|Any CPU
		{D8814417-2C5B-45FF-913F-4B23DDC8ED08}.Debug|Any CPU.Build.0 = Debug|Any CPU
		{D8814417-2C5B-45FF-913F-4B23DDC8ED08}.Release|Any CPU.ActiveCfg = Release|Any CPU
		{D8814417-2C5B-45FF-913F-4B23DDC8ED08}.Release|Any CPU.Build.0 = Release|Any CPU
		{918B5103-38A4-42D3-811B-E1E8BE7AE2B1}.Debug|Any CPU.ActiveCfg = Debug|Any CPU
		{918B5103-38A4-42D3-811B-E1E8BE7AE2B1}.Debug|Any CPU.Build.0 = Debug|Any CPU
		{918B5103-38A4-42D3-811B-E1E8BE7AE2B1}.Release|Any CPU.ActiveCfg = Release|Any CPU
		{918B5103-38A4-42D3-811B-E1E8BE7AE2B1}.Release|Any CPU.Build.0 = Release|Any CPU
	EndGlobalSection
	GlobalSection(SolutionProperties) = preSolution
		HideSolutionNode = FALSE
	EndGlobalSection
	GlobalSection(ExtensibilityGlobals) = postSolution
		SolutionGuid = {3C3B0A2E-922F-4918-9B52-89C25C4E135E}
	EndGlobalSection
EndGlobal
